
Microsoft Visual Studio Solution File, Format Version 12.00
# Visual Studio Version 17
VisualStudioVersion = 17.3.32825.248
MinimumVisualStudioVersion = 10.0.40219.1
Project("{9A19103F-16F7-4668-BE54-9A1E7A4F7556}") = "Leetcode013", "Leetcode\Leetcode013.csproj", "{42CF2FA3-F7B2-4449-941A-BEA6B5A18BF4}"
EndProject
Project("{9A19103F-16F7-4668-BE54-9A1E7A4F7556}") = "Leetcode020", "Leetcode020\Leetcode020.csproj", "{9BDAFE98-AB73-488D-806B-BCA770D0C85C}"
EndProject
Project("{9A19103F-16F7-4668-BE54-9A1E7A4F7556}") = "Leetcode026", "Leetcode026\Leetcode026.csproj", "{AC4AE120-7452-4EA3-9666-A1A26E9EE2F6}"
EndProject
Project("{9A19103F-16F7-4668-BE54-9A1E7A4F7556}") = "Leetcode021", "Leetcode021\Leetcode021.csproj", "{B623FD1C-0BC0-4A1D-B335-763ED4E33DFE}"
EndProject
Project("{9A19103F-16F7-4668-BE54-9A1E7A4F7556}") = "Leetcode001", "Leetcode001\Leetcode001.csproj", "{12639B0B-8DF7-42DA-B51D-837926BA7DE1}"
EndProject
Project("{9A19103F-16F7-4668-BE54-9A1E7A4F7556}") = "Leetcode014", "Leetcode014\Leetcode014.csproj", "{668F7FA1-CC1B-43B3-BD60-40992DF2E082}"
EndProject
Project("{9A19103F-16F7-4668-BE54-9A1E7A4F7556}") = "Leetcode066", "Leetcode066\Leetcode066.csproj", "{7157DB44-266E-4D86-889E-D8424C5FCD05}"
EndProject
Project("{9A19103F-16F7-4668-BE54-9A1E7A4F7556}") = "Leetcode069", "Leetcode069\Leetcode069.csproj", "{075E82B6-9395-4774-92C8-0DE88113F991}"
EndProject
Project("{9A19103F-16F7-4668-BE54-9A1E7A4F7556}") = "Leetcode070", "Leetcode070\Leetcode070.csproj", "{65E02A26-4CA6-4541-BF3A-C3CF32CBEBA4}"
EndProject
Project("{9A19103F-16F7-4668-BE54-9A1E7A4F7556}") = "Leetcode088", "Leetcode088\Leetcode088.csproj", "{C9985404-E7C8-433B-8D5A-D63A52AFBC97}"
EndProject
Project("{9A19103F-16F7-4668-BE54-9A1E7A4F7556}") = "Leetcode094", "Leetcode094\Leetcode094.csproj", "{725C427B-B2D7-41D4-B4EF-F085AAB40CC5}"
EndProject
Project("{9A19103F-16F7-4668-BE54-9A1E7A4F7556}") = "Leetcode101", "Leetcode101\Leetcode101.csproj", "{0B845E72-BBEA-4751-9262-248021D5A745}"
EndProject
Project("{9A19103F-16F7-4668-BE54-9A1E7A4F7556}") = "Leetcode104", "Leetcode104\Leetcode104.csproj", "{5757EE8F-AB9F-4B32-A230-9755E8782882}"
EndProject
Project("{9A19103F-16F7-4668-BE54-9A1E7A4F7556}") = "Leetcode108", "Leetcode108\Leetcode108.csproj", "{64844F23-3724-49FC-8AB2-CB44FFF93D82}"
EndProject
Project("{9A19103F-16F7-4668-BE54-9A1E7A4F7556}") = "Leetcode118", "Leetcode118\Leetcode118.csproj", "{B1CD9F33-7C16-430F-B2C3-39B32868ABDE}"
EndProject
Project("{9A19103F-16F7-4668-BE54-9A1E7A4F7556}") = "Leetcode121", "Leetcode121\Leetcode121.csproj", "{4A122130-75BD-4DEE-9E73-466E90C71EE4}"
EndProject
Project("{9A19103F-16F7-4668-BE54-9A1E7A4F7556}") = "Leetcode125", "Leetcode128\Leetcode125.csproj", "{C6CA433E-E572-4E39-9E32-A30CFFAC678B}"
EndProject
Project("{9A19103F-16F7-4668-BE54-9A1E7A4F7556}") = "Leetcode136", "Leetcode136\Leetcode136.csproj", "{D11C28BB-061D-489B-8E79-AB36A3D7D7A7}"
EndProject
Project("{9A19103F-16F7-4668-BE54-9A1E7A4F7556}") = "Leetcode141", "Leetcode141\Leetcode141.csproj", "{5702B9AA-7F62-495B-B7A6-3A5ECB75079B}"
EndProject
Project("{9A19103F-16F7-4668-BE54-9A1E7A4F7556}") = "Leetcode171", "Leetcode171\Leetcode171.csproj", "{9C79D3BC-EAA6-4F46-B619-7F2D30BFDCC7}"
EndProject
Project("{9A19103F-16F7-4668-BE54-9A1E7A4F7556}") = "Leetcode190", "Leetcode190\Leetcode190.csproj", "{16A2521A-BADA-4BA3-BAF4-B809624AA4DC}"
EndProject
Project("{9A19103F-16F7-4668-BE54-9A1E7A4F7556}") = "Leetcode191", "Leetcode191\Leetcode191.csproj", "{F27D8108-C59E-4DAE-8347-CD043BEAAB99}"
EndProject
Project("{9A19103F-16F7-4668-BE54-9A1E7A4F7556}") = "Leetcode160", "Leetcode160\Leetcode160.csproj", "{B4FC8174-072F-4D1E-BB76-02C30348C174}"
EndProject
Project("{9A19103F-16F7-4668-BE54-9A1E7A4F7556}") = "Leetcode202", "Leetcode202\Leetcode202.csproj", "{146EB624-CB7A-4FE6-8855-ECEDF3C608B0}"
EndProject
Project("{9A19103F-16F7-4668-BE54-9A1E7A4F7556}") = "Leetcode206", "Leetcode206\Leetcode206.csproj", "{60F15691-5ECD-4205-B176-CE73C2C25FD9}"
EndProject
Project("{9A19103F-16F7-4668-BE54-9A1E7A4F7556}") = "Leetcode217", "Leetcode217\Leetcode217.csproj", "{41B0648C-C343-4863-986B-51F4A8704ADD}"
EndProject
Project("{9A19103F-16F7-4668-BE54-9A1E7A4F7556}") = "Leetcode234", "Leetcode234\Leetcode234.csproj", "{FE006E1B-52CC-4F81-A2D6-F1A241526BF2}"
EndProject
Project("{9A19103F-16F7-4668-BE54-9A1E7A4F7556}") = "Leetcode242", "Leetcode242\Leetcode242.csproj", "{A5DF7987-EFDB-4979-B575-87FCCA696F26}"
EndProject
Project("{9A19103F-16F7-4668-BE54-9A1E7A4F7556}") = "Leetcode268", "Leetcode268\Leetcode268.csproj", "{272E47AC-788E-444E-83E5-8CF2F373D503}"
EndProject
Project("{9A19103F-16F7-4668-BE54-9A1E7A4F7556}") = "Leetcode283", "Leetcode283\Leetcode283.csproj", "{1A5F05F9-6233-42EA-9DC1-E1514B78852C}"
EndProject
Project("{9A19103F-16F7-4668-BE54-9A1E7A4F7556}") = "Leetcode326", "Leetcode326\Leetcode326.csproj", "{692F23E5-D71A-4C98-B765-39C1A22F5A73}"
EndProject
Project("{9A19103F-16F7-4668-BE54-9A1E7A4F7556}") = "Leetcode344", "Leedcode344\Leetcode344.csproj", "{B8BE59D5-B51F-4613-BB53-942445534426}"
EndProject
Project("{9A19103F-16F7-4668-BE54-9A1E7A4F7556}") = "Leetcode350", "Leetcode350\Leetcode350.csproj", "{FD8A3E7C-C773-4C7E-BCB1-264C7C520752}"
EndProject
Project("{9A19103F-16F7-4668-BE54-9A1E7A4F7556}") = "Leetcode387", "Leetcode387\Leetcode387.csproj", "{94A507AF-6316-4A5B-A411-472D43FFB373}"
EndProject
Project("{9A19103F-16F7-4668-BE54-9A1E7A4F7556}") = "Leetcode412", "Leetcode412\Leetcode412.csproj", "{FC58C3D3-CB53-4F73-BB55-0A7B14765420}"
EndProject
Project("{9A19103F-16F7-4668-BE54-9A1E7A4F7556}") = "Leetcode169", "Leetcode169\Leetcode169.csproj", "{A37B9ABF-B88F-412A-8FCF-B152A5A0F0A3}"
EndProject
Project("{9A19103F-16F7-4668-BE54-9A1E7A4F7556}") = "Leetcode002", "Leetcode002\Leetcode002.csproj", "{F5C33C62-6674-4586-BFD2-7B4722931378}"
EndProject
Project("{9A19103F-16F7-4668-BE54-9A1E7A4F7556}") = "Leetcode003", "Leetcode003\Leetcode003.csproj", "{875513F6-6FA2-4C42-85CF-3778EB9AAA6D}"
EndProject
Project("{9A19103F-16F7-4668-BE54-9A1E7A4F7556}") = "Leetcode005", "Leetcode005\Leetcode005.csproj", "{0CEDAC1E-B3AA-408C-AA72-A2A9CA15C72C}"
EndProject
Project("{9A19103F-16F7-4668-BE54-9A1E7A4F7556}") = "Leetcode007", "Leetcode007\Leetcode007.csproj", "{99FFD78F-DE3C-401F-AF7C-8155DD51BE98}"
EndProject
Project("{2150E333-8FDC-42A3-9474-1A3956D46DE8}") = "Easy", "Easy", "{C12B5057-536C-42F3-872E-0529FB5C017E}"
EndProject
Project("{2150E333-8FDC-42A3-9474-1A3956D46DE8}") = "Medium", "Medium", "{06CF0EF3-D6C6-4AB7-8711-01E732BE846C}"
EndProject
Project("{2150E333-8FDC-42A3-9474-1A3956D46DE8}") = "Hard", "Hard", "{ABF264C3-E374-4486-B30D-C4DB66C52D2C}"
EndProject
Project("{FAE04EC0-301F-11D3-BF4B-00C04F79EFBC}") = "Leetcode008", "Leetcode008\Leetcode008.csproj", "{37BE8ADB-836E-475B-9822-35E8336EC194}"
EndProject
Project("{FAE04EC0-301F-11D3-BF4B-00C04F79EFBC}") = "Leetcode011", "Leetcode011\Leetcode011.csproj", "{8083655A-B935-4C38-957A-F2213F518F85}"
EndProject
Project("{FAE04EC0-301F-11D3-BF4B-00C04F79EFBC}") = "Leetcode015", "Leetcode015\Leetcode015.csproj", "{E7F99CEA-99FE-4FDB-AD22-9281D04DD312}"
EndProject
Project("{FAE04EC0-301F-11D3-BF4B-00C04F79EFBC}") = "Leetcode017", "Leetcode017\Leetcode017.csproj", "{31AA2F7B-57DF-4E5B-9356-3BA4C36C1398}"
EndProject
Project("{FAE04EC0-301F-11D3-BF4B-00C04F79EFBC}") = "Leetcode019", "Leetcode019\Leetcode019.csproj", "{C5031DC5-5188-4B7D-B581-83A8B97DF234}"
EndProject
Global
	GlobalSection(SolutionConfigurationPlatforms) = preSolution
		Debug|Any CPU = Debug|Any CPU
		Release|Any CPU = Release|Any CPU
	EndGlobalSection
	GlobalSection(ProjectConfigurationPlatforms) = postSolution
		{42CF2FA3-F7B2-4449-941A-BEA6B5A18BF4}.Debug|Any CPU.ActiveCfg = Debug|Any CPU
		{42CF2FA3-F7B2-4449-941A-BEA6B5A18BF4}.Debug|Any CPU.Build.0 = Debug|Any CPU
		{42CF2FA3-F7B2-4449-941A-BEA6B5A18BF4}.Release|Any CPU.ActiveCfg = Release|Any CPU
		{42CF2FA3-F7B2-4449-941A-BEA6B5A18BF4}.Release|Any CPU.Build.0 = Release|Any CPU
		{9BDAFE98-AB73-488D-806B-BCA770D0C85C}.Debug|Any CPU.ActiveCfg = Debug|Any CPU
		{9BDAFE98-AB73-488D-806B-BCA770D0C85C}.Debug|Any CPU.Build.0 = Debug|Any CPU
		{9BDAFE98-AB73-488D-806B-BCA770D0C85C}.Release|Any CPU.ActiveCfg = Release|Any CPU
		{9BDAFE98-AB73-488D-806B-BCA770D0C85C}.Release|Any CPU.Build.0 = Release|Any CPU
		{AC4AE120-7452-4EA3-9666-A1A26E9EE2F6}.Debug|Any CPU.ActiveCfg = Debug|Any CPU
		{AC4AE120-7452-4EA3-9666-A1A26E9EE2F6}.Debug|Any CPU.Build.0 = Debug|Any CPU
		{AC4AE120-7452-4EA3-9666-A1A26E9EE2F6}.Release|Any CPU.ActiveCfg = Release|Any CPU
		{AC4AE120-7452-4EA3-9666-A1A26E9EE2F6}.Release|Any CPU.Build.0 = Release|Any CPU
		{B623FD1C-0BC0-4A1D-B335-763ED4E33DFE}.Debug|Any CPU.ActiveCfg = Debug|Any CPU
		{B623FD1C-0BC0-4A1D-B335-763ED4E33DFE}.Debug|Any CPU.Build.0 = Debug|Any CPU
		{B623FD1C-0BC0-4A1D-B335-763ED4E33DFE}.Release|Any CPU.ActiveCfg = Release|Any CPU
		{B623FD1C-0BC0-4A1D-B335-763ED4E33DFE}.Release|Any CPU.Build.0 = Release|Any CPU
		{12639B0B-8DF7-42DA-B51D-837926BA7DE1}.Debug|Any CPU.ActiveCfg = Debug|Any CPU
		{12639B0B-8DF7-42DA-B51D-837926BA7DE1}.Debug|Any CPU.Build.0 = Debug|Any CPU
		{12639B0B-8DF7-42DA-B51D-837926BA7DE1}.Release|Any CPU.ActiveCfg = Release|Any CPU
		{12639B0B-8DF7-42DA-B51D-837926BA7DE1}.Release|Any CPU.Build.0 = Release|Any CPU
		{668F7FA1-CC1B-43B3-BD60-40992DF2E082}.Debug|Any CPU.ActiveCfg = Debug|Any CPU
		{668F7FA1-CC1B-43B3-BD60-40992DF2E082}.Debug|Any CPU.Build.0 = Debug|Any CPU
		{668F7FA1-CC1B-43B3-BD60-40992DF2E082}.Release|Any CPU.ActiveCfg = Release|Any CPU
		{668F7FA1-CC1B-43B3-BD60-40992DF2E082}.Release|Any CPU.Build.0 = Release|Any CPU
		{7157DB44-266E-4D86-889E-D8424C5FCD05}.Debug|Any CPU.ActiveCfg = Debug|Any CPU
		{7157DB44-266E-4D86-889E-D8424C5FCD05}.Debug|Any CPU.Build.0 = Debug|Any CPU
		{7157DB44-266E-4D86-889E-D8424C5FCD05}.Release|Any CPU.ActiveCfg = Release|Any CPU
		{7157DB44-266E-4D86-889E-D8424C5FCD05}.Release|Any CPU.Build.0 = Release|Any CPU
		{075E82B6-9395-4774-92C8-0DE88113F991}.Debug|Any CPU.ActiveCfg = Debug|Any CPU
		{075E82B6-9395-4774-92C8-0DE88113F991}.Debug|Any CPU.Build.0 = Debug|Any CPU
		{075E82B6-9395-4774-92C8-0DE88113F991}.Release|Any CPU.ActiveCfg = Release|Any CPU
		{075E82B6-9395-4774-92C8-0DE88113F991}.Release|Any CPU.Build.0 = Release|Any CPU
		{65E02A26-4CA6-4541-BF3A-C3CF32CBEBA4}.Debug|Any CPU.ActiveCfg = Debug|Any CPU
		{65E02A26-4CA6-4541-BF3A-C3CF32CBEBA4}.Debug|Any CPU.Build.0 = Debug|Any CPU
		{65E02A26-4CA6-4541-BF3A-C3CF32CBEBA4}.Release|Any CPU.ActiveCfg = Release|Any CPU
		{65E02A26-4CA6-4541-BF3A-C3CF32CBEBA4}.Release|Any CPU.Build.0 = Release|Any CPU
		{C9985404-E7C8-433B-8D5A-D63A52AFBC97}.Debug|Any CPU.ActiveCfg = Debug|Any CPU
		{C9985404-E7C8-433B-8D5A-D63A52AFBC97}.Debug|Any CPU.Build.0 = Debug|Any CPU
		{C9985404-E7C8-433B-8D5A-D63A52AFBC97}.Release|Any CPU.ActiveCfg = Release|Any CPU
		{C9985404-E7C8-433B-8D5A-D63A52AFBC97}.Release|Any CPU.Build.0 = Release|Any CPU
		{725C427B-B2D7-41D4-B4EF-F085AAB40CC5}.Debug|Any CPU.ActiveCfg = Debug|Any CPU
		{725C427B-B2D7-41D4-B4EF-F085AAB40CC5}.Debug|Any CPU.Build.0 = Debug|Any CPU
		{725C427B-B2D7-41D4-B4EF-F085AAB40CC5}.Release|Any CPU.ActiveCfg = Release|Any CPU
		{725C427B-B2D7-41D4-B4EF-F085AAB40CC5}.Release|Any CPU.Build.0 = Release|Any CPU
		{0B845E72-BBEA-4751-9262-248021D5A745}.Debug|Any CPU.ActiveCfg = Debug|Any CPU
		{0B845E72-BBEA-4751-9262-248021D5A745}.Debug|Any CPU.Build.0 = Debug|Any CPU
		{0B845E72-BBEA-4751-9262-248021D5A745}.Release|Any CPU.ActiveCfg = Release|Any CPU
		{0B845E72-BBEA-4751-9262-248021D5A745}.Release|Any CPU.Build.0 = Release|Any CPU
		{5757EE8F-AB9F-4B32-A230-9755E8782882}.Debug|Any CPU.ActiveCfg = Debug|Any CPU
		{5757EE8F-AB9F-4B32-A230-9755E8782882}.Debug|Any CPU.Build.0 = Debug|Any CPU
		{5757EE8F-AB9F-4B32-A230-9755E8782882}.Release|Any CPU.ActiveCfg = Release|Any CPU
		{5757EE8F-AB9F-4B32-A230-9755E8782882}.Release|Any CPU.Build.0 = Release|Any CPU
		{64844F23-3724-49FC-8AB2-CB44FFF93D82}.Debug|Any CPU.ActiveCfg = Debug|Any CPU
		{64844F23-3724-49FC-8AB2-CB44FFF93D82}.Debug|Any CPU.Build.0 = Debug|Any CPU
		{64844F23-3724-49FC-8AB2-CB44FFF93D82}.Release|Any CPU.ActiveCfg = Release|Any CPU
		{64844F23-3724-49FC-8AB2-CB44FFF93D82}.Release|Any CPU.Build.0 = Release|Any CPU
		{B1CD9F33-7C16-430F-B2C3-39B32868ABDE}.Debug|Any CPU.ActiveCfg = Debug|Any CPU
		{B1CD9F33-7C16-430F-B2C3-39B32868ABDE}.Debug|Any CPU.Build.0 = Debug|Any CPU
		{B1CD9F33-7C16-430F-B2C3-39B32868ABDE}.Release|Any CPU.ActiveCfg = Release|Any CPU
		{B1CD9F33-7C16-430F-B2C3-39B32868ABDE}.Release|Any CPU.Build.0 = Release|Any CPU
		{4A122130-75BD-4DEE-9E73-466E90C71EE4}.Debug|Any CPU.ActiveCfg = Debug|Any CPU
		{4A122130-75BD-4DEE-9E73-466E90C71EE4}.Debug|Any CPU.Build.0 = Debug|Any CPU
		{4A122130-75BD-4DEE-9E73-466E90C71EE4}.Release|Any CPU.ActiveCfg = Release|Any CPU
		{4A122130-75BD-4DEE-9E73-466E90C71EE4}.Release|Any CPU.Build.0 = Release|Any CPU
		{C6CA433E-E572-4E39-9E32-A30CFFAC678B}.Debug|Any CPU.ActiveCfg = Debug|Any CPU
		{C6CA433E-E572-4E39-9E32-A30CFFAC678B}.Debug|Any CPU.Build.0 = Debug|Any CPU
		{C6CA433E-E572-4E39-9E32-A30CFFAC678B}.Release|Any CPU.ActiveCfg = Release|Any CPU
		{C6CA433E-E572-4E39-9E32-A30CFFAC678B}.Release|Any CPU.Build.0 = Release|Any CPU
		{D11C28BB-061D-489B-8E79-AB36A3D7D7A7}.Debug|Any CPU.ActiveCfg = Debug|Any CPU
		{D11C28BB-061D-489B-8E79-AB36A3D7D7A7}.Debug|Any CPU.Build.0 = Debug|Any CPU
		{D11C28BB-061D-489B-8E79-AB36A3D7D7A7}.Release|Any CPU.ActiveCfg = Release|Any CPU
		{D11C28BB-061D-489B-8E79-AB36A3D7D7A7}.Release|Any CPU.Build.0 = Release|Any CPU
		{5702B9AA-7F62-495B-B7A6-3A5ECB75079B}.Debug|Any CPU.ActiveCfg = Debug|Any CPU
		{5702B9AA-7F62-495B-B7A6-3A5ECB75079B}.Debug|Any CPU.Build.0 = Debug|Any CPU
		{5702B9AA-7F62-495B-B7A6-3A5ECB75079B}.Release|Any CPU.ActiveCfg = Release|Any CPU
		{5702B9AA-7F62-495B-B7A6-3A5ECB75079B}.Release|Any CPU.Build.0 = Release|Any CPU
		{9C79D3BC-EAA6-4F46-B619-7F2D30BFDCC7}.Debug|Any CPU.ActiveCfg = Debug|Any CPU
		{9C79D3BC-EAA6-4F46-B619-7F2D30BFDCC7}.Debug|Any CPU.Build.0 = Debug|Any CPU
		{9C79D3BC-EAA6-4F46-B619-7F2D30BFDCC7}.Release|Any CPU.ActiveCfg = Release|Any CPU
		{9C79D3BC-EAA6-4F46-B619-7F2D30BFDCC7}.Release|Any CPU.Build.0 = Release|Any CPU
		{16A2521A-BADA-4BA3-BAF4-B809624AA4DC}.Debug|Any CPU.ActiveCfg = Debug|Any CPU
		{16A2521A-BADA-4BA3-BAF4-B809624AA4DC}.Debug|Any CPU.Build.0 = Debug|Any CPU
		{16A2521A-BADA-4BA3-BAF4-B809624AA4DC}.Release|Any CPU.ActiveCfg = Release|Any CPU
		{16A2521A-BADA-4BA3-BAF4-B809624AA4DC}.Release|Any CPU.Build.0 = Release|Any CPU
		{F27D8108-C59E-4DAE-8347-CD043BEAAB99}.Debug|Any CPU.ActiveCfg = Debug|Any CPU
		{F27D8108-C59E-4DAE-8347-CD043BEAAB99}.Debug|Any CPU.Build.0 = Debug|Any CPU
		{F27D8108-C59E-4DAE-8347-CD043BEAAB99}.Release|Any CPU.ActiveCfg = Release|Any CPU
		{F27D8108-C59E-4DAE-8347-CD043BEAAB99}.Release|Any CPU.Build.0 = Release|Any CPU
		{B4FC8174-072F-4D1E-BB76-02C30348C174}.Debug|Any CPU.ActiveCfg = Debug|Any CPU
		{B4FC8174-072F-4D1E-BB76-02C30348C174}.Debug|Any CPU.Build.0 = Debug|Any CPU
		{B4FC8174-072F-4D1E-BB76-02C30348C174}.Release|Any CPU.ActiveCfg = Release|Any CPU
		{B4FC8174-072F-4D1E-BB76-02C30348C174}.Release|Any CPU.Build.0 = Release|Any CPU
		{146EB624-CB7A-4FE6-8855-ECEDF3C608B0}.Debug|Any CPU.ActiveCfg = Debug|Any CPU
		{146EB624-CB7A-4FE6-8855-ECEDF3C608B0}.Debug|Any CPU.Build.0 = Debug|Any CPU
		{146EB624-CB7A-4FE6-8855-ECEDF3C608B0}.Release|Any CPU.ActiveCfg = Release|Any CPU
		{146EB624-CB7A-4FE6-8855-ECEDF3C608B0}.Release|Any CPU.Build.0 = Release|Any CPU
		{60F15691-5ECD-4205-B176-CE73C2C25FD9}.Debug|Any CPU.ActiveCfg = Debug|Any CPU
		{60F15691-5ECD-4205-B176-CE73C2C25FD9}.Debug|Any CPU.Build.0 = Debug|Any CPU
		{60F15691-5ECD-4205-B176-CE73C2C25FD9}.Release|Any CPU.ActiveCfg = Release|Any CPU
		{60F15691-5ECD-4205-B176-CE73C2C25FD9}.Release|Any CPU.Build.0 = Release|Any CPU
		{41B0648C-C343-4863-986B-51F4A8704ADD}.Debug|Any CPU.ActiveCfg = Debug|Any CPU
		{41B0648C-C343-4863-986B-51F4A8704ADD}.Debug|Any CPU.Build.0 = Debug|Any CPU
		{41B0648C-C343-4863-986B-51F4A8704ADD}.Release|Any CPU.ActiveCfg = Release|Any CPU
		{41B0648C-C343-4863-986B-51F4A8704ADD}.Release|Any CPU.Build.0 = Release|Any CPU
		{FE006E1B-52CC-4F81-A2D6-F1A241526BF2}.Debug|Any CPU.ActiveCfg = Debug|Any CPU
		{FE006E1B-52CC-4F81-A2D6-F1A241526BF2}.Debug|Any CPU.Build.0 = Debug|Any CPU
		{FE006E1B-52CC-4F81-A2D6-F1A241526BF2}.Release|Any CPU.ActiveCfg = Release|Any CPU
		{FE006E1B-52CC-4F81-A2D6-F1A241526BF2}.Release|Any CPU.Build.0 = Release|Any CPU
		{A5DF7987-EFDB-4979-B575-87FCCA696F26}.Debug|Any CPU.ActiveCfg = Debug|Any CPU
		{A5DF7987-EFDB-4979-B575-87FCCA696F26}.Debug|Any CPU.Build.0 = Debug|Any CPU
		{A5DF7987-EFDB-4979-B575-87FCCA696F26}.Release|Any CPU.ActiveCfg = Release|Any CPU
		{A5DF7987-EFDB-4979-B575-87FCCA696F26}.Release|Any CPU.Build.0 = Release|Any CPU
		{272E47AC-788E-444E-83E5-8CF2F373D503}.Debug|Any CPU.ActiveCfg = Debug|Any CPU
		{272E47AC-788E-444E-83E5-8CF2F373D503}.Debug|Any CPU.Build.0 = Debug|Any CPU
		{272E47AC-788E-444E-83E5-8CF2F373D503}.Release|Any CPU.ActiveCfg = Release|Any CPU
		{272E47AC-788E-444E-83E5-8CF2F373D503}.Release|Any CPU.Build.0 = Release|Any CPU
		{1A5F05F9-6233-42EA-9DC1-E1514B78852C}.Debug|Any CPU.ActiveCfg = Debug|Any CPU
		{1A5F05F9-6233-42EA-9DC1-E1514B78852C}.Debug|Any CPU.Build.0 = Debug|Any CPU
		{1A5F05F9-6233-42EA-9DC1-E1514B78852C}.Release|Any CPU.ActiveCfg = Release|Any CPU
		{1A5F05F9-6233-42EA-9DC1-E1514B78852C}.Release|Any CPU.Build.0 = Release|Any CPU
		{692F23E5-D71A-4C98-B765-39C1A22F5A73}.Debug|Any CPU.ActiveCfg = Debug|Any CPU
		{692F23E5-D71A-4C98-B765-39C1A22F5A73}.Debug|Any CPU.Build.0 = Debug|Any CPU
		{692F23E5-D71A-4C98-B765-39C1A22F5A73}.Release|Any CPU.ActiveCfg = Release|Any CPU
		{692F23E5-D71A-4C98-B765-39C1A22F5A73}.Release|Any CPU.Build.0 = Release|Any CPU
		{B8BE59D5-B51F-4613-BB53-942445534426}.Debug|Any CPU.ActiveCfg = Debug|Any CPU
		{B8BE59D5-B51F-4613-BB53-942445534426}.Debug|Any CPU.Build.0 = Debug|Any CPU
		{B8BE59D5-B51F-4613-BB53-942445534426}.Release|Any CPU.ActiveCfg = Release|Any CPU
		{B8BE59D5-B51F-4613-BB53-942445534426}.Release|Any CPU.Build.0 = Release|Any CPU
		{FD8A3E7C-C773-4C7E-BCB1-264C7C520752}.Debug|Any CPU.ActiveCfg = Debug|Any CPU
		{FD8A3E7C-C773-4C7E-BCB1-264C7C520752}.Debug|Any CPU.Build.0 = Debug|Any CPU
		{FD8A3E7C-C773-4C7E-BCB1-264C7C520752}.Release|Any CPU.ActiveCfg = Release|Any CPU
		{FD8A3E7C-C773-4C7E-BCB1-264C7C520752}.Release|Any CPU.Build.0 = Release|Any CPU
		{94A507AF-6316-4A5B-A411-472D43FFB373}.Debug|Any CPU.ActiveCfg = Debug|Any CPU
		{94A507AF-6316-4A5B-A411-472D43FFB373}.Debug|Any CPU.Build.0 = Debug|Any CPU
		{94A507AF-6316-4A5B-A411-472D43FFB373}.Release|Any CPU.ActiveCfg = Release|Any CPU
		{94A507AF-6316-4A5B-A411-472D43FFB373}.Release|Any CPU.Build.0 = Release|Any CPU
		{FC58C3D3-CB53-4F73-BB55-0A7B14765420}.Debug|Any CPU.ActiveCfg = Debug|Any CPU
		{FC58C3D3-CB53-4F73-BB55-0A7B14765420}.Debug|Any CPU.Build.0 = Debug|Any CPU
		{FC58C3D3-CB53-4F73-BB55-0A7B14765420}.Release|Any CPU.ActiveCfg = Release|Any CPU
		{FC58C3D3-CB53-4F73-BB55-0A7B14765420}.Release|Any CPU.Build.0 = Release|Any CPU
		{A37B9ABF-B88F-412A-8FCF-B152A5A0F0A3}.Debug|Any CPU.ActiveCfg = Debug|Any CPU
		{A37B9ABF-B88F-412A-8FCF-B152A5A0F0A3}.Debug|Any CPU.Build.0 = Debug|Any CPU
		{A37B9ABF-B88F-412A-8FCF-B152A5A0F0A3}.Release|Any CPU.ActiveCfg = Release|Any CPU
		{A37B9ABF-B88F-412A-8FCF-B152A5A0F0A3}.Release|Any CPU.Build.0 = Release|Any CPU
		{F5C33C62-6674-4586-BFD2-7B4722931378}.Debug|Any CPU.ActiveCfg = Debug|Any CPU
		{F5C33C62-6674-4586-BFD2-7B4722931378}.Debug|Any CPU.Build.0 = Debug|Any CPU
		{F5C33C62-6674-4586-BFD2-7B4722931378}.Release|Any CPU.ActiveCfg = Release|Any CPU
		{F5C33C62-6674-4586-BFD2-7B4722931378}.Release|Any CPU.Build.0 = Release|Any CPU
		{875513F6-6FA2-4C42-85CF-3778EB9AAA6D}.Debug|Any CPU.ActiveCfg = Debug|Any CPU
		{875513F6-6FA2-4C42-85CF-3778EB9AAA6D}.Debug|Any CPU.Build.0 = Debug|Any CPU
		{875513F6-6FA2-4C42-85CF-3778EB9AAA6D}.Release|Any CPU.ActiveCfg = Release|Any CPU
		{875513F6-6FA2-4C42-85CF-3778EB9AAA6D}.Release|Any CPU.Build.0 = Release|Any CPU
		{0CEDAC1E-B3AA-408C-AA72-A2A9CA15C72C}.Debug|Any CPU.ActiveCfg = Debug|Any CPU
		{0CEDAC1E-B3AA-408C-AA72-A2A9CA15C72C}.Debug|Any CPU.Build.0 = Debug|Any CPU
		{0CEDAC1E-B3AA-408C-AA72-A2A9CA15C72C}.Release|Any CPU.ActiveCfg = Release|Any CPU
		{0CEDAC1E-B3AA-408C-AA72-A2A9CA15C72C}.Release|Any CPU.Build.0 = Release|Any CPU
		{99FFD78F-DE3C-401F-AF7C-8155DD51BE98}.Debug|Any CPU.ActiveCfg = Debug|Any CPU
		{99FFD78F-DE3C-401F-AF7C-8155DD51BE98}.Debug|Any CPU.Build.0 = Debug|Any CPU
		{99FFD78F-DE3C-401F-AF7C-8155DD51BE98}.Release|Any CPU.ActiveCfg = Release|Any CPU
		{99FFD78F-DE3C-401F-AF7C-8155DD51BE98}.Release|Any CPU.Build.0 = Release|Any CPU
		{37BE8ADB-836E-475B-9822-35E8336EC194}.Debug|Any CPU.ActiveCfg = Debug|Any CPU
		{37BE8ADB-836E-475B-9822-35E8336EC194}.Debug|Any CPU.Build.0 = Debug|Any CPU
		{37BE8ADB-836E-475B-9822-35E8336EC194}.Release|Any CPU.ActiveCfg = Release|Any CPU
		{37BE8ADB-836E-475B-9822-35E8336EC194}.Release|Any CPU.Build.0 = Release|Any CPU
		{8083655A-B935-4C38-957A-F2213F518F85}.Debug|Any CPU.ActiveCfg = Debug|Any CPU
		{8083655A-B935-4C38-957A-F2213F518F85}.Debug|Any CPU.Build.0 = Debug|Any CPU
		{8083655A-B935-4C38-957A-F2213F518F85}.Release|Any CPU.ActiveCfg = Release|Any CPU
		{8083655A-B935-4C38-957A-F2213F518F85}.Release|Any CPU.Build.0 = Release|Any CPU
		{E7F99CEA-99FE-4FDB-AD22-9281D04DD312}.Debug|Any CPU.ActiveCfg = Debug|Any CPU
		{E7F99CEA-99FE-4FDB-AD22-9281D04DD312}.Debug|Any CPU.Build.0 = Debug|Any CPU
		{E7F99CEA-99FE-4FDB-AD22-9281D04DD312}.Release|Any CPU.ActiveCfg = Release|Any CPU
		{E7F99CEA-99FE-4FDB-AD22-9281D04DD312}.Release|Any CPU.Build.0 = Release|Any CPU
		{31AA2F7B-57DF-4E5B-9356-3BA4C36C1398}.Debug|Any CPU.ActiveCfg = Debug|Any CPU
		{31AA2F7B-57DF-4E5B-9356-3BA4C36C1398}.Debug|Any CPU.Build.0 = Debug|Any CPU
		{31AA2F7B-57DF-4E5B-9356-3BA4C36C1398}.Release|Any CPU.ActiveCfg = Release|Any CPU
		{31AA2F7B-57DF-4E5B-9356-3BA4C36C1398}.Release|Any CPU.Build.0 = Release|Any CPU
		{C5031DC5-5188-4B7D-B581-83A8B97DF234}.Debug|Any CPU.ActiveCfg = Debug|Any CPU
		{C5031DC5-5188-4B7D-B581-83A8B97DF234}.Debug|Any CPU.Build.0 = Debug|Any CPU
		{C5031DC5-5188-4B7D-B581-83A8B97DF234}.Release|Any CPU.ActiveCfg = Release|Any CPU
		{C5031DC5-5188-4B7D-B581-83A8B97DF234}.Release|Any CPU.Build.0 = Release|Any CPU
	EndGlobalSection
	GlobalSection(SolutionProperties) = preSolution
		HideSolutionNode = FALSE
	EndGlobalSection
	GlobalSection(NestedProjects) = preSolution
		{42CF2FA3-F7B2-4449-941A-BEA6B5A18BF4} = {C12B5057-536C-42F3-872E-0529FB5C017E}
		{9BDAFE98-AB73-488D-806B-BCA770D0C85C} = {C12B5057-536C-42F3-872E-0529FB5C017E}
		{AC4AE120-7452-4EA3-9666-A1A26E9EE2F6} = {C12B5057-536C-42F3-872E-0529FB5C017E}
		{B623FD1C-0BC0-4A1D-B335-763ED4E33DFE} = {C12B5057-536C-42F3-872E-0529FB5C017E}
		{12639B0B-8DF7-42DA-B51D-837926BA7DE1} = {C12B5057-536C-42F3-872E-0529FB5C017E}
		{668F7FA1-CC1B-43B3-BD60-40992DF2E082} = {C12B5057-536C-42F3-872E-0529FB5C017E}
		{7157DB44-266E-4D86-889E-D8424C5FCD05} = {C12B5057-536C-42F3-872E-0529FB5C017E}
		{075E82B6-9395-4774-92C8-0DE88113F991} = {C12B5057-536C-42F3-872E-0529FB5C017E}
		{65E02A26-4CA6-4541-BF3A-C3CF32CBEBA4} = {C12B5057-536C-42F3-872E-0529FB5C017E}
		{C9985404-E7C8-433B-8D5A-D63A52AFBC97} = {C12B5057-536C-42F3-872E-0529FB5C017E}
		{725C427B-B2D7-41D4-B4EF-F085AAB40CC5} = {C12B5057-536C-42F3-872E-0529FB5C017E}
		{0B845E72-BBEA-4751-9262-248021D5A745} = {C12B5057-536C-42F3-872E-0529FB5C017E}
		{5757EE8F-AB9F-4B32-A230-9755E8782882} = {C12B5057-536C-42F3-872E-0529FB5C017E}
		{64844F23-3724-49FC-8AB2-CB44FFF93D82} = {C12B5057-536C-42F3-872E-0529FB5C017E}
		{B1CD9F33-7C16-430F-B2C3-39B32868ABDE} = {C12B5057-536C-42F3-872E-0529FB5C017E}
		{4A122130-75BD-4DEE-9E73-466E90C71EE4} = {C12B5057-536C-42F3-872E-0529FB5C017E}
		{C6CA433E-E572-4E39-9E32-A30CFFAC678B} = {C12B5057-536C-42F3-872E-0529FB5C017E}
		{D11C28BB-061D-489B-8E79-AB36A3D7D7A7} = {C12B5057-536C-42F3-872E-0529FB5C017E}
		{5702B9AA-7F62-495B-B7A6-3A5ECB75079B} = {C12B5057-536C-42F3-872E-0529FB5C017E}
		{9C79D3BC-EAA6-4F46-B619-7F2D30BFDCC7} = {C12B5057-536C-42F3-872E-0529FB5C017E}
		{16A2521A-BADA-4BA3-BAF4-B809624AA4DC} = {C12B5057-536C-42F3-872E-0529FB5C017E}
		{F27D8108-C59E-4DAE-8347-CD043BEAAB99} = {C12B5057-536C-42F3-872E-0529FB5C017E}
		{B4FC8174-072F-4D1E-BB76-02C30348C174} = {C12B5057-536C-42F3-872E-0529FB5C017E}
		{146EB624-CB7A-4FE6-8855-ECEDF3C608B0} = {C12B5057-536C-42F3-872E-0529FB5C017E}
		{60F15691-5ECD-4205-B176-CE73C2C25FD9} = {C12B5057-536C-42F3-872E-0529FB5C017E}
		{41B0648C-C343-4863-986B-51F4A8704ADD} = {C12B5057-536C-42F3-872E-0529FB5C017E}
		{FE006E1B-52CC-4F81-A2D6-F1A241526BF2} = {C12B5057-536C-42F3-872E-0529FB5C017E}
		{A5DF7987-EFDB-4979-B575-87FCCA696F26} = {C12B5057-536C-42F3-872E-0529FB5C017E}
		{272E47AC-788E-444E-83E5-8CF2F373D503} = {C12B5057-536C-42F3-872E-0529FB5C017E}
		{1A5F05F9-6233-42EA-9DC1-E1514B78852C} = {C12B5057-536C-42F3-872E-0529FB5C017E}
		{692F23E5-D71A-4C98-B765-39C1A22F5A73} = {C12B5057-536C-42F3-872E-0529FB5C017E}
		{B8BE59D5-B51F-4613-BB53-942445534426} = {C12B5057-536C-42F3-872E-0529FB5C017E}
		{FD8A3E7C-C773-4C7E-BCB1-264C7C520752} = {C12B5057-536C-42F3-872E-0529FB5C017E}
		{94A507AF-6316-4A5B-A411-472D43FFB373} = {C12B5057-536C-42F3-872E-0529FB5C017E}
		{FC58C3D3-CB53-4F73-BB55-0A7B14765420} = {C12B5057-536C-42F3-872E-0529FB5C017E}
		{A37B9ABF-B88F-412A-8FCF-B152A5A0F0A3} = {C12B5057-536C-42F3-872E-0529FB5C017E}
		{F5C33C62-6674-4586-BFD2-7B4722931378} = {06CF0EF3-D6C6-4AB7-8711-01E732BE846C}
		{875513F6-6FA2-4C42-85CF-3778EB9AAA6D} = {06CF0EF3-D6C6-4AB7-8711-01E732BE846C}
		{0CEDAC1E-B3AA-408C-AA72-A2A9CA15C72C} = {06CF0EF3-D6C6-4AB7-8711-01E732BE846C}
		{99FFD78F-DE3C-401F-AF7C-8155DD51BE98} = {06CF0EF3-D6C6-4AB7-8711-01E732BE846C}
		{37BE8ADB-836E-475B-9822-35E8336EC194} = {06CF0EF3-D6C6-4AB7-8711-01E732BE846C}
		{8083655A-B935-4C38-957A-F2213F518F85} = {06CF0EF3-D6C6-4AB7-8711-01E732BE846C}
		{E7F99CEA-99FE-4FDB-AD22-9281D04DD312} = {06CF0EF3-D6C6-4AB7-8711-01E732BE846C}
		{31AA2F7B-57DF-4E5B-9356-3BA4C36C1398} = {06CF0EF3-D6C6-4AB7-8711-01E732BE846C}
		{C5031DC5-5188-4B7D-B581-83A8B97DF234} = {06CF0EF3-D6C6-4AB7-8711-01E732BE846C}
	EndGlobalSection
	GlobalSection(ExtensibilityGlobals) = postSolution
		SolutionGuid = {92B37848-FADA-47F5-8C28-DEEF861BB7B8}
	EndGlobalSection
EndGlobal
